
Microsoft Visual Studio Solution File, Format Version 12.00
# Visual Studio Version 16
VisualStudioVersion = 16.0.31605.320
MinimumVisualStudioVersion = 10.0.40219.1
Project("{FAE04EC0-301F-11D3-BF4B-00C04F79EFBC}") = "lab3", "lab3\lab3.csproj", "{133B3A52-A760-4443-B886-F9600A2B463F}"
EndProject
Global
	GlobalSection(SolutionConfigurationPlatforms) = preSolution
		Debug|Any CPU = Debug|Any CPU
		Release|Any CPU = Release|Any CPU
	EndGlobalSection
	GlobalSection(ProjectConfigurationPlatforms) = postSolution
		{133B3A52-A760-4443-B886-F9600A2B463F}.Debug|Any CPU.ActiveCfg = Debug|Any CPU
		{133B3A52-A760-4443-B886-F9600A2B463F}.Debug|Any CPU.Build.0 = Debug|Any CPU
		{133B3A52-A760-4443-B886-F9600A2B463F}.Release|Any CPU.ActiveCfg = Release|Any CPU
		{133B3A52-A760-4443-B886-F9600A2B463F}.Release|Any CPU.Build.0 = Release|Any CPU
	EndGlobalSection
	GlobalSection(SolutionProperties) = preSolution
		HideSolutionNode = FALSE
	EndGlobalSection
	GlobalSection(ExtensibilityGlobals) = postSolution
		SolutionGuid = {FF790745-A6E2-421C-A2C1-1FBB111FBB5D}
	EndGlobalSection
EndGlobal
